<?xml version="1.0" encoding="utf-8"?>
<Project ToolsVersion="4.0" xmlns="http://schemas.microsoft.com/developer/msbuild/2003">
  <ItemGroup>
    <ClCompile Include="main.cpp" />
    <ClCompile Include="scenes\Scene.cpp">
      <Filter>scenes</Filter>
    </ClCompile>
  </ItemGroup>
  <ItemGroup>
    <Filter Include="scenes">
      <UniqueIdentifier>{2f67a146-71f2-40b8-a569-ee8adf77d887}</UniqueIdentifier>
    </Filter>
    <Filter Include="content">
      <UniqueIdentifier>{d4ab3e58-eb7f-4f66-b8bf-b26f4cb90c66}</UniqueIdentifier>
    </Filter>
    <Filter Include="content\configs">
      <UniqueIdentifier>{5d0e5933-7a3f-492b-9678-7382902f6058}</UniqueIdentifier>
    </Filter>
    <Filter Include="content\configs\fullyDeferred">
      <UniqueIdentifier>{148986d1-e7aa-480e-9820-4bc6ba439550}</UniqueIdentifier>
    </Filter>
    <Filter Include="content\models">
      <UniqueIdentifier>{f6c82e98-f6b5-4bd9-9710-0dfe02bc095c}</UniqueIdentifier>
    </Filter>
    <Filter Include="content\textures">
      <UniqueIdentifier>{d53e492c-8bd8-4f8e-b653-eb62d0f5c37b}</UniqueIdentifier>
    </Filter>
    <Filter Include="content\textures\aluminium">
      <UniqueIdentifier>{def240ca-7d9a-4488-81d4-1bcba83b3e61}</UniqueIdentifier>
    </Filter>
    <Filter Include="content\textures\gold">
      <UniqueIdentifier>{f19ba2c5-3ecb-4903-b86d-d7adc8086573}</UniqueIdentifier>
    </Filter>
    <Filter Include="content\textures\mossy_stone">
      <UniqueIdentifier>{109087e8-b971-4ebc-b797-469aff0a8c4f}</UniqueIdentifier>
    </Filter>
    <Filter Include="content\textures\platinum">
      <UniqueIdentifier>{9e38b461-72ed-4032-ac37-8109420c5c77}</UniqueIdentifier>
    </Filter>
    <Filter Include="content\textures\silver">
      <UniqueIdentifier>{10933565-181c-4eae-90f2-b077720cf6a4}</UniqueIdentifier>
    </Filter>
    <Filter Include="content\textures\terracota">
      <UniqueIdentifier>{dc9201a6-5ff4-439c-a944-fe00ace2d1b4}</UniqueIdentifier>
    </Filter>
    <Filter Include="content\textures\wood1">
      <UniqueIdentifier>{20ea7bee-2260-4c7c-87fa-fe40cc1179b7}</UniqueIdentifier>
    </Filter>
    <Filter Include="content\textures\muddy_dirt">
      <UniqueIdentifier>{83d500b2-20bc-446b-9cb9-8cd28fe7ced2}</UniqueIdentifier>
    </Filter>
    <Filter Include="content\textures\rock1">
      <UniqueIdentifier>{154b9e01-79f7-402c-be51-2a75bea7c3f7}</UniqueIdentifier>
    </Filter>
  </ItemGroup>
  <ItemGroup>
    <ClInclude Include="scenes\Scene.h">
      <Filter>scenes</Filter>
    </ClInclude>
  </ItemGroup>
  <ItemGroup>
    <None Include="content\configs\settings.yml">
      <Filter>content\configs</Filter>
    </None>
    <None Include="content\configs\fullyDeferred\models.yml">
      <Filter>content\configs\fullyDeferred</Filter>
    </None>
    <None Include="content\configs\materials.yml">
      <Filter>content\configs</Filter>
    </None>
    <None Include="content\models\buddha.obj">
      <Filter>content\models</Filter>
    </None>
    <None Include="content\models\bunny.obj">
      <Filter>content\models</Filter>
    </None>
    <None Include="content\models\cylinder.obj">
      <Filter>content\models</Filter>
    </None>
    <None Include="content\models\dragon.obj">
      <Filter>content\models</Filter>
    </None>
    <None Include="content\models\mitsuba.obj">
      <Filter>content\models</Filter>
    </None>
    <None Include="content\models\plane.obj">
      <Filter>content\models</Filter>
    </None>
    <None Include="content\models\sphere.obj">
      <Filter>content\models</Filter>
    </None>
    <None Include="content\models\teapot.obj">
      <Filter>content\models</Filter>
    </None>
    <None Include="content\models\torusKnot.obj">
      <Filter>content\models</Filter>
    </None>
    <None Include="content\models\mitsuba-sphere.obj">
      <Filter>content\models</Filter>
    </None>
  </ItemGroup>
  <ItemGroup>
    <Image Include="content\textures\aluminium\aluminium_base_color.dds">
      <Filter>content\textures\aluminium</Filter>
    </Image>
    <Image Include="content\textures\aluminium\aluminium_metal_mask.dds">
      <Filter>content\textures\aluminium</Filter>
    </Image>
    <Image Include="content\textures\aluminium\aluminium_normal.dds">
      <Filter>content\textures\aluminium</Filter>
    </Image>
    <Image Include="content\textures\aluminium\aluminium_reflectance.dds">
      <Filter>content\textures\aluminium</Filter>
    </Image>
    <Image Include="content\textures\aluminium\aluminium_smoothness.dds">
      <Filter>content\textures\aluminium</Filter>
    </Image>
    <Image Include="content\textures\gold\gold_base_color.dds">
      <Filter>content\textures\gold</Filter>
    </Image>
    <Image Include="content\textures\gold\gold_metal_mask.dds">
      <Filter>content\textures\gold</Filter>
    </Image>
    <Image Include="content\textures\gold\gold_normal.dds">
      <Filter>content\textures\gold</Filter>
    </Image>
    <Image Include="content\textures\gold\gold_reflectance.dds">
      <Filter>content\textures\gold</Filter>
    </Image>
    <Image Include="content\textures\gold\gold_smoothness.dds">
      <Filter>content\textures\gold</Filter>
    </Image>
    <Image Include="content\textures\mossy_stone\mossy_stone_base_color.dds">
      <Filter>content\textures\mossy_stone</Filter>
    </Image>
    <Image Include="content\textures\mossy_stone\mossy_stone_height.dds">
      <Filter>content\textures\mossy_stone</Filter>
    </Image>
    <Image Include="content\textures\mossy_stone\mossy_stone_metal_mask.dds">
      <Filter>content\textures\mossy_stone</Filter>
    </Image>
    <Image Include="content\textures\mossy_stone\mossy_stone_normal.dds">
      <Filter>content\textures\mossy_stone</Filter>
    </Image>
    <Image Include="content\textures\mossy_stone\mossy_stone_reflectance.dds">
      <Filter>content\textures\mossy_stone</Filter>
    </Image>
    <Image Include="content\textures\mossy_stone\mossy_stone_smoothness.dds">
      <Filter>content\textures\mossy_stone</Filter>
    </Image>
    <Image Include="content\textures\wood1\wood1_base_color.dds">
      <Filter>content\textures\wood1</Filter>
    </Image>
    <Image Include="content\textures\wood1\wood1_height.dds">
      <Filter>content\textures\wood1</Filter>
    </Image>
    <Image Include="content\textures\wood1\wood1_metal_mask.dds">
      <Filter>content\textures\wood1</Filter>
    </Image>
    <Image Include="content\textures\wood1\wood1_normal.dds">
      <Filter>content\textures\wood1</Filter>
    </Image>
    <Image Include="content\textures\wood1\wood1_reflectance.dds">
      <Filter>content\textures\wood1</Filter>
    </Image>
    <Image Include="content\textures\wood1\wood1_smoothness.dds">
      <Filter>content\textures\wood1</Filter>
    </Image>
    <Image Include="content\textures\terracota\terracota_base_color.dds">
      <Filter>content\textures\terracota</Filter>
    </Image>
    <Image Include="content\textures\terracota\terracota_metal_mask.dds">
      <Filter>content\textures\terracota</Filter>
    </Image>
    <Image Include="content\textures\terracota\terracota_normal.dds">
      <Filter>content\textures\terracota</Filter>
    </Image>
    <Image Include="content\textures\terracota\terracota_reflectance.dds">
      <Filter>content\textures\terracota</Filter>
    </Image>
    <Image Include="content\textures\terracota\terracota_smoothness.dds">
      <Filter>content\textures\terracota</Filter>
    </Image>
    <Image Include="content\textures\silver\silver_base_color.dds">
      <Filter>content\textures\silver</Filter>
    </Image>
    <Image Include="content\textures\silver\silver_metal_mask.dds">
      <Filter>content\textures\silver</Filter>
    </Image>
    <Image Include="content\textures\silver\silver_normal.dds">
      <Filter>content\textures\silver</Filter>
    </Image>
    <Image Include="content\textures\silver\silver_reflectance.dds">
      <Filter>content\textures\silver</Filter>
    </Image>
    <Image Include="content\textures\silver\silver_smoothness.dds">
      <Filter>content\textures\silver</Filter>
    </Image>
    <Image Include="content\textures\platinum\platinum_base_color.dds">
      <Filter>content\textures\platinum</Filter>
    </Image>
    <Image Include="content\textures\platinum\platinum_metal_mask.dds">
      <Filter>content\textures\platinum</Filter>
    </Image>
    <Image Include="content\textures\platinum\platinum_normal.dds">
      <Filter>content\textures\platinum</Filter>
    </Image>
    <Image Include="content\textures\platinum\platinum_reflectance.dds">
      <Filter>content\textures\platinum</Filter>
    </Image>
    <Image Include="content\textures\platinum\platinum_smoothness.dds">
      <Filter>content\textures\platinum</Filter>
    </Image>
    <Image Include="content\textures\rock1_diffuse.dds">
      <Filter>content\textures</Filter>
    </Image>
    <Image Include="content\textures\rock1_height.dds">
      <Filter>content\textures</Filter>
    </Image>
    <Image Include="content\textures\rock1_normal.dds">
      <Filter>content\textures</Filter>
    </Image>
    <Image Include="content\textures\rock1_specular.dds">
      <Filter>content\textures</Filter>
    </Image>
    <Image Include="content\textures\torusKnot_normal.dds">
      <Filter>content\textures</Filter>
    </Image>
    <Image Include="content\textures\torusKnot_specular.dds">
      <Filter>content\textures</Filter>
    </Image>
    <Image Include="content\textures\white_diffuse.dds">
      <Filter>content\textures</Filter>
    </Image>
    <Image Include="content\textures\muddy_dirt\muddy_dirt_base_color.dds">
      <Filter>content\textures\muddy_dirt</Filter>
    </Image>
    <Image Include="content\textures\muddy_dirt\muddy_dirt_height.dds">
      <Filter>content\textures\muddy_dirt</Filter>
    </Image>
    <Image Include="content\textures\muddy_dirt\muddy_dirt_metal_mask.dds">
      <Filter>content\textures\muddy_dirt</Filter>
    </Image>
    <Image Include="content\textures\muddy_dirt\muddy_dirt_normal.dds">
      <Filter>content\textures\muddy_dirt</Filter>
    </Image>
    <Image Include="content\textures\muddy_dirt\muddy_dirt_reflectance.dds">
      <Filter>content\textures\muddy_dirt</Filter>
    </Image>
    <Image Include="content\textures\muddy_dirt\muddy_dirt_smoothness.dds">
      <Filter>content\textures\muddy_dirt</Filter>
    </Image>
    <Image Include="content\textures\rock1\rock1_base_color.dds">
      <Filter>content\textures\rock1</Filter>
    </Image>
    <Image Include="content\textures\rock1\rock1_height.dds">
      <Filter>content\textures\rock1</Filter>
    </Image>
    <Image Include="content\textures\rock1\rock1_metal_mask.dds">
      <Filter>content\textures\rock1</Filter>
    </Image>
    <Image Include="content\textures\rock1\rock1_normal.dds">
      <Filter>content\textures\rock1</Filter>
    </Image>
    <Image Include="content\textures\rock1\rock1_reflectance.dds">
      <Filter>content\textures\rock1</Filter>
    </Image>
    <Image Include="content\textures\rock1\rock1_smoothness.dds">
      <Filter>content\textures\rock1</Filter>
    </Image>
  </ItemGroup>
</Project>